// !$*UTF8*$!
{
	archiveVersion = 1;
	classes = {
	};
	objectVersion = 77;
	objects = {

/* Begin PBXBuildFile section */
		70C12ABD2ED8803100D7BB2A /* GoogleSignIn in Frameworks */ = {isa = PBXBuildFile; productRef = 70C12ABC2ED8803100D7BB2A /* GoogleSignIn */; };
		70C12AC02ED8814F00D7BB2A /* FirebaseAnalyticsCore in Frameworks */ = {isa = PBXBuildFile; productRef = 70C12ABF2ED8814F00D7BB2A /* FirebaseAnalyticsCore */; };
		70C12AC22ED8814F00D7BB2A /* FirebaseFirestore in Frameworks */ = {isa = PBXBuildFile; productRef = 70C12AC12ED8814F00D7BB2A /* FirebaseFirestore */; };
		7D1B6D312ECD9177005A08A6 /* KakaoSDKAuth in Frameworks */ = {isa = PBXBuildFile; productRef = 7D1B6D302ECD9177005A08A6 /* KakaoSDKAuth */; };
		7D1B6D332ECD9177005A08A6 /* KakaoSDKCommon in Frameworks */ = {isa = PBXBuildFile; productRef = 7D1B6D322ECD9177005A08A6 /* KakaoSDKCommon */; };
		7D1B6D352ECD9177005A08A6 /* KakaoSDKUser in Frameworks */ = {isa = PBXBuildFile; productRef = 7D1B6D342ECD9177005A08A6 /* KakaoSDKUser */; };
		7D5C88942ECAAC3400977C6E /* ComposableArchitecture in Frameworks */ = {isa = PBXBuildFile; productRef = 7D5C88932ECAAC3400977C6E /* ComposableArchitecture */; };
		7D9F378F2ED694C6008961A3 /* FirebaseCore in Frameworks */ = {isa = PBXBuildFile; productRef = 7D9F378E2ED694C6008961A3 /* FirebaseCore */; };
		7D9F37912ED694C6008961A3 /* FirebaseFirestore in Frameworks */ = {isa = PBXBuildFile; productRef = 7D9F37902ED694C6008961A3 /* FirebaseFirestore */; };
		7D9F44D22ED7DA17008961A3 /* FirebaseStorage in Frameworks */ = {isa = PBXBuildFile; productRef = 7D9F44D12ED7DA17008961A3 /* FirebaseStorage */; };
/* End PBXBuildFile section */

/* Begin PBXContainerItemProxy section */
		70C129332ED5A2BA00D7BB2A /* PBXContainerItemProxy */ = {
			isa = PBXContainerItemProxy;
			containerPortal = 8B4C67BB2EBC8481003C67F9 /* Project object */;
			proxyType = 1;
			remoteGlobalIDString = 8B4C67C22EBC8481003C67F9;
			remoteInfo = Vodam;
		};
/* End PBXContainerItemProxy section */

/* Begin PBXFileReference section */
		70C1292F2ED5A2BA00D7BB2A /* VodamTests.xctest */ = {isa = PBXFileReference; explicitFileType = wrapper.cfbundle; includeInIndex = 0; path = VodamTests.xctest; sourceTree = BUILT_PRODUCTS_DIR; };
		8B4C67C32EBC8481003C67F9 /* Vodam.app */ = {isa = PBXFileReference; explicitFileType = wrapper.application; includeInIndex = 0; path = Vodam.app; sourceTree = BUILT_PRODUCTS_DIR; };
/* End PBXFileReference section */

/* Begin PBXFileSystemSynchronizedBuildFileExceptionSet section */
		70C11F7B2ED309D600D7BB2A /* Exceptions for "Vodam" folder in "Vodam" target */ = {
			isa = PBXFileSystemSynchronizedBuildFileExceptionSet;
			membershipExceptions = (
				Application/AppFeatureTests.swift,
				Feature/Chatting/ChattingListFeatureTests.swift,
				Feature/Chatting/ChattingRoom/ChattingRoomFeatureTests.swift,
				Feature/Main/MainFeatureTests.swift,
				Feature/ProjectList/ProjectListFeatureTests.swift,
				Feature/Record/RecordingFeatureTests.swift,
				Resource/Info.plist,
			);
			target = 8B4C67C22EBC8481003C67F9 /* Vodam */;
		};
/* End PBXFileSystemSynchronizedBuildFileExceptionSet section */

/* Begin PBXFileSystemSynchronizedRootGroup section */
		8B4C67C52EBC8481003C67F9 /* Vodam */ = {
			isa = PBXFileSystemSynchronizedRootGroup;
			exceptions = (
				70C11F7B2ED309D600D7BB2A /* Exceptions for "Vodam" folder in "Vodam" target */,
			);
			path = Vodam;
			sourceTree = "<group>";
		};
/* End PBXFileSystemSynchronizedRootGroup section */

/* Begin PBXFrameworksBuildPhase section */
		70C1292C2ED5A2BA00D7BB2A /* Frameworks */ = {
			isa = PBXFrameworksBuildPhase;
			buildActionMask = 2147483647;
			files = (
			);
			runOnlyForDeploymentPostprocessing = 0;
		};
		8B4C67C02EBC8481003C67F9 /* Frameworks */ = {
			isa = PBXFrameworksBuildPhase;
			buildActionMask = 2147483647;
			files = (
				70C12ABD2ED8803100D7BB2A /* GoogleSignIn in Frameworks */,
				70C12AC02ED8814F00D7BB2A /* FirebaseAnalyticsCore in Frameworks */,
				7D1B6D352ECD9177005A08A6 /* KakaoSDKUser in Frameworks */,
				7D9F44D22ED7DA17008961A3 /* FirebaseStorage in Frameworks */,
				7D5C88942ECAAC3400977C6E /* ComposableArchitecture in Frameworks */,
				7D1B6D332ECD9177005A08A6 /* KakaoSDKCommon in Frameworks */,
				7D1B6D312ECD9177005A08A6 /* KakaoSDKAuth in Frameworks */,
				70C12AC22ED8814F00D7BB2A /* FirebaseFirestore in Frameworks */,
			);
			runOnlyForDeploymentPostprocessing = 0;
		};
/* End PBXFrameworksBuildPhase section */

/* Begin PBXGroup section */
		7D9F44D02ED7DA17008961A3 /* Frameworks */ = {
			isa = PBXGroup;
			children = (
			);
			name = Frameworks;
			sourceTree = "<group>";
		};
		8B4C67BA2EBC8481003C67F9 = {
			isa = PBXGroup;
			children = (
				8B4C67C52EBC8481003C67F9 /* Vodam */,
				7D9F44D02ED7DA17008961A3 /* Frameworks */,
				8B4C67C42EBC8481003C67F9 /* Products */,
			);
			sourceTree = "<group>";
		};
		8B4C67C42EBC8481003C67F9 /* Products */ = {
			isa = PBXGroup;
			children = (
				8B4C67C32EBC8481003C67F9 /* Vodam.app */,
				70C1292F2ED5A2BA00D7BB2A /* VodamTests.xctest */,
			);
			name = Products;
			sourceTree = "<group>";
		};
/* End PBXGroup section */

/* Begin PBXNativeTarget section */
		70C1292E2ED5A2BA00D7BB2A /* VodamTests */ = {
			isa = PBXNativeTarget;
			buildConfigurationList = 70C129352ED5A2BA00D7BB2A /* Build configuration list for PBXNativeTarget "VodamTests" */;
			buildPhases = (
				70C1292B2ED5A2BA00D7BB2A /* Sources */,
				70C1292C2ED5A2BA00D7BB2A /* Frameworks */,
				70C1292D2ED5A2BA00D7BB2A /* Resources */,
			);
			buildRules = (
			);
			dependencies = (
				70C129342ED5A2BA00D7BB2A /* PBXTargetDependency */,
			);
			name = VodamTests;
			packageProductDependencies = (
			);
			productName = VodamTests;
			productReference = 70C1292F2ED5A2BA00D7BB2A /* VodamTests.xctest */;
			productType = "com.apple.product-type.bundle.unit-test";
		};
		8B4C67C22EBC8481003C67F9 /* Vodam */ = {
			isa = PBXNativeTarget;
			buildConfigurationList = 8B4C67CE2EBC8482003C67F9 /* Build configuration list for PBXNativeTarget "Vodam" */;
			buildPhases = (
				8B4C67BF2EBC8481003C67F9 /* Sources */,
				8B4C67C02EBC8481003C67F9 /* Frameworks */,
				8B4C67C12EBC8481003C67F9 /* Resources */,
			);
			buildRules = (
			);
			dependencies = (
			);
			fileSystemSynchronizedGroups = (
				8B4C67C52EBC8481003C67F9 /* Vodam */,
			);
			name = Vodam;
			packageProductDependencies = (
				7D5C88932ECAAC3400977C6E /* ComposableArchitecture */,
				7D1B6D302ECD9177005A08A6 /* KakaoSDKAuth */,
				7D1B6D322ECD9177005A08A6 /* KakaoSDKCommon */,
				7D1B6D342ECD9177005A08A6 /* KakaoSDKUser */,
				7D522F372ED5344700EC191C /* GoogleSignIn */,
				7D522F392ED5344700EC191C /* GoogleSignInSwift */,
				7D9F378E2ED694C6008961A3 /* FirebaseCore */,
				7D9F37902ED694C6008961A3 /* FirebaseFirestore */,
				7D9F44D12ED7DA17008961A3 /* FirebaseStorage */,
				70C12ABF2ED8814F00D7BB2A /* FirebaseAnalyticsCore */,

			);
			productName = Speech;
			productReference = 8B4C67C32EBC8481003C67F9 /* Vodam.app */;
			productType = "com.apple.product-type.application";
		};
/* End PBXNativeTarget section */

/* Begin PBXProject section */
		8B4C67BB2EBC8481003C67F9 /* Project object */ = {
			isa = PBXProject;
			attributes = {
				BuildIndependentTargetsInParallel = 1;
				LastSwiftUpdateCheck = 2610;
				LastUpgradeCheck = 2600;
				TargetAttributes = {
					70C1292E2ED5A2BA00D7BB2A = {
						CreatedOnToolsVersion = 26.1.1;
						TestTargetID = 8B4C67C22EBC8481003C67F9;
					};
					8B4C67C22EBC8481003C67F9 = {
						CreatedOnToolsVersion = 26.0.1;
					};
				};
			};
			buildConfigurationList = 8B4C67BE2EBC8481003C67F9 /* Build configuration list for PBXProject "VoDam" */;
			developmentRegion = en;
			hasScannedForEncodings = 0;
			knownRegions = (
				en,
				Base,
			);
			mainGroup = 8B4C67BA2EBC8481003C67F9;
			minimizedProjectReferenceProxies = 1;
			packageReferences = (
				7D5C88922ECAAC3400977C6E /* XCRemoteSwiftPackageReference "swift-composable-architecture" */,
				7D1B6D2F2ECD9177005A08A6 /* XCRemoteSwiftPackageReference "kakao-ios-sdk" */,
				70C12ABB2ED8803100D7BB2A /* XCRemoteSwiftPackageReference "GoogleSignIn-iOS" */,
				70C12ABE2ED8814F00D7BB2A /* XCRemoteSwiftPackageReference "firebase-ios-sdk" */,
			);
			preferredProjectObjectVersion = 77;
			productRefGroup = 8B4C67C42EBC8481003C67F9 /* Products */;
			projectDirPath = "";
			projectRoot = "";
			targets = (
				8B4C67C22EBC8481003C67F9 /* Vodam */,
				70C1292E2ED5A2BA00D7BB2A /* VodamTests */,
			);
		};
/* End PBXProject section */

/* Begin PBXResourcesBuildPhase section */
		70C1292D2ED5A2BA00D7BB2A /* Resources */ = {
			isa = PBXResourcesBuildPhase;
			buildActionMask = 2147483647;
			files = (
			);
			runOnlyForDeploymentPostprocessing = 0;
		};
		8B4C67C12EBC8481003C67F9 /* Resources */ = {
			isa = PBXResourcesBuildPhase;
			buildActionMask = 2147483647;
			files = (
			);
			runOnlyForDeploymentPostprocessing = 0;
		};
/* End PBXResourcesBuildPhase section */

/* Begin PBXSourcesBuildPhase section */
		70C1292B2ED5A2BA00D7BB2A /* Sources */ = {
			isa = PBXSourcesBuildPhase;
			buildActionMask = 2147483647;
			files = (
			);
			runOnlyForDeploymentPostprocessing = 0;
		};
		8B4C67BF2EBC8481003C67F9 /* Sources */ = {
			isa = PBXSourcesBuildPhase;
			buildActionMask = 2147483647;
			files = (
			);
			runOnlyForDeploymentPostprocessing = 0;
		};
/* End PBXSourcesBuildPhase section */

/* Begin PBXTargetDependency section */
		70C129342ED5A2BA00D7BB2A /* PBXTargetDependency */ = {
			isa = PBXTargetDependency;
			target = 8B4C67C22EBC8481003C67F9 /* Vodam */;
			targetProxy = 70C129332ED5A2BA00D7BB2A /* PBXContainerItemProxy */;
		};
/* End PBXTargetDependency section */

/* Begin XCBuildConfiguration section */
		70C129362ED5A2BA00D7BB2A /* Debug */ = {
			isa = XCBuildConfiguration;
			buildSettings = {
				BUNDLE_LOADER = "$(TEST_HOST)";
				CODE_SIGN_STYLE = Automatic;
				CURRENT_PROJECT_VERSION = 1;
				GENERATE_INFOPLIST_FILE = YES;
				IPHONEOS_DEPLOYMENT_TARGET = 26.1;
				MARKETING_VERSION = 1.0;
				PRODUCT_BUNDLE_IDENTIFIER = com.whtiebear.vodam.VodamTests;
				PRODUCT_NAME = "$(TARGET_NAME)";
				STRING_CATALOG_GENERATE_SYMBOLS = NO;
				SWIFT_APPROACHABLE_CONCURRENCY = YES;
				SWIFT_EMIT_LOC_STRINGS = NO;
				SWIFT_UPCOMING_FEATURE_MEMBER_IMPORT_VISIBILITY = YES;
				SWIFT_VERSION = 5.0;
				TARGETED_DEVICE_FAMILY = "1,2";
				TEST_HOST = "$(BUILT_PRODUCTS_DIR)/Vodam.app/$(BUNDLE_EXECUTABLE_FOLDER_PATH)/Vodam";
			};
			name = Debug;
		};
		70C129372ED5A2BA00D7BB2A /* Release */ = {
			isa = XCBuildConfiguration;
			buildSettings = {
				BUNDLE_LOADER = "$(TEST_HOST)";
				CODE_SIGN_STYLE = Automatic;
				CURRENT_PROJECT_VERSION = 1;
				GENERATE_INFOPLIST_FILE = YES;
				IPHONEOS_DEPLOYMENT_TARGET = 26.1;
				MARKETING_VERSION = 1.0;
				PRODUCT_BUNDLE_IDENTIFIER = com.whtiebear.vodam.VodamTests;
				PRODUCT_NAME = "$(TARGET_NAME)";
				STRING_CATALOG_GENERATE_SYMBOLS = NO;
				SWIFT_APPROACHABLE_CONCURRENCY = YES;
				SWIFT_EMIT_LOC_STRINGS = NO;
				SWIFT_UPCOMING_FEATURE_MEMBER_IMPORT_VISIBILITY = YES;
				SWIFT_VERSION = 5.0;
				TARGETED_DEVICE_FAMILY = "1,2";
				TEST_HOST = "$(BUILT_PRODUCTS_DIR)/Vodam.app/$(BUNDLE_EXECUTABLE_FOLDER_PATH)/Vodam";
			};
			name = Release;
		};
		8B4C67CC2EBC8482003C67F9 /* Debug */ = {
			isa = XCBuildConfiguration;
			baseConfigurationReferenceAnchor = 8B4C67C52EBC8481003C67F9 /* Vodam */;
			baseConfigurationReferenceRelativePath = Secrets.xcconfig;
			buildSettings = {
				ALWAYS_SEARCH_USER_PATHS = NO;
				ASSETCATALOG_COMPILER_GENERATE_SWIFT_ASSET_SYMBOL_EXTENSIONS = YES;
				CLANG_ANALYZER_NONNULL = YES;
				CLANG_ANALYZER_NUMBER_OBJECT_CONVERSION = YES_AGGRESSIVE;
				CLANG_CXX_LANGUAGE_STANDARD = "gnu++20";
				CLANG_ENABLE_MODULES = YES;
				CLANG_ENABLE_OBJC_ARC = YES;
				CLANG_ENABLE_OBJC_WEAK = YES;
				CLANG_WARN_BLOCK_CAPTURE_AUTORELEASING = YES;
				CLANG_WARN_BOOL_CONVERSION = YES;
				CLANG_WARN_COMMA = YES;
				CLANG_WARN_CONSTANT_CONVERSION = YES;
				CLANG_WARN_DEPRECATED_OBJC_IMPLEMENTATIONS = YES;
				CLANG_WARN_DIRECT_OBJC_ISA_USAGE = YES_ERROR;
				CLANG_WARN_DOCUMENTATION_COMMENTS = YES;
				CLANG_WARN_EMPTY_BODY = YES;
				CLANG_WARN_ENUM_CONVERSION = YES;
				CLANG_WARN_INFINITE_RECURSION = YES;
				CLANG_WARN_INT_CONVERSION = YES;
				CLANG_WARN_NON_LITERAL_NULL_CONVERSION = YES;
				CLANG_WARN_OBJC_IMPLICIT_RETAIN_SELF = YES;
				CLANG_WARN_OBJC_LITERAL_CONVERSION = YES;
				CLANG_WARN_OBJC_ROOT_CLASS = YES_ERROR;
				CLANG_WARN_QUOTED_INCLUDE_IN_FRAMEWORK_HEADER = YES;
				CLANG_WARN_RANGE_LOOP_ANALYSIS = YES;
				CLANG_WARN_STRICT_PROTOTYPES = YES;
				CLANG_WARN_SUSPICIOUS_MOVE = YES;
				CLANG_WARN_UNGUARDED_AVAILABILITY = YES_AGGRESSIVE;
				CLANG_WARN_UNREACHABLE_CODE = YES;
				CLANG_WARN__DUPLICATE_METHOD_MATCH = YES;
				COPY_PHASE_STRIP = NO;
				DEBUG_INFORMATION_FORMAT = dwarf;
				DEVELOPMENT_TEAM = WU5AU2G459;
				ENABLE_STRICT_OBJC_MSGSEND = YES;
				ENABLE_TESTABILITY = YES;
				ENABLE_USER_SCRIPT_SANDBOXING = YES;
				GCC_C_LANGUAGE_STANDARD = gnu17;
				GCC_DYNAMIC_NO_PIC = NO;
				GCC_NO_COMMON_BLOCKS = YES;
				GCC_OPTIMIZATION_LEVEL = 0;
				GCC_PREPROCESSOR_DEFINITIONS = (
					"DEBUG=1",
					"$(inherited)",
				);
				GCC_WARN_64_TO_32_BIT_CONVERSION = YES;
				GCC_WARN_ABOUT_RETURN_TYPE = YES_ERROR;
				GCC_WARN_UNDECLARED_SELECTOR = YES;
				GCC_WARN_UNINITIALIZED_AUTOS = YES_AGGRESSIVE;
				GCC_WARN_UNUSED_FUNCTION = YES;
				GCC_WARN_UNUSED_VARIABLE = YES;
				IPHONEOS_DEPLOYMENT_TARGET = 26.0;
				LOCALIZATION_PREFERS_STRING_CATALOGS = YES;
				MTL_ENABLE_DEBUG_INFO = INCLUDE_SOURCE;
				MTL_FAST_MATH = YES;
				ONLY_ACTIVE_ARCH = YES;
				SDKROOT = iphoneos;
				SWIFT_ACTIVE_COMPILATION_CONDITIONS = "DEBUG $(inherited)";
				SWIFT_OPTIMIZATION_LEVEL = "-Onone";
			};
			name = Debug;
		};
		8B4C67CD2EBC8482003C67F9 /* Release */ = {
			isa = XCBuildConfiguration;
			baseConfigurationReferenceAnchor = 8B4C67C52EBC8481003C67F9 /* Vodam */;
			baseConfigurationReferenceRelativePath = Secrets.xcconfig;
			buildSettings = {
				ALWAYS_SEARCH_USER_PATHS = NO;
				ASSETCATALOG_COMPILER_GENERATE_SWIFT_ASSET_SYMBOL_EXTENSIONS = YES;
				CLANG_ANALYZER_NONNULL = YES;
				CLANG_ANALYZER_NUMBER_OBJECT_CONVERSION = YES_AGGRESSIVE;
				CLANG_CXX_LANGUAGE_STANDARD = "gnu++20";
				CLANG_ENABLE_MODULES = YES;
				CLANG_ENABLE_OBJC_ARC = YES;
				CLANG_ENABLE_OBJC_WEAK = YES;
				CLANG_WARN_BLOCK_CAPTURE_AUTORELEASING = YES;
				CLANG_WARN_BOOL_CONVERSION = YES;
				CLANG_WARN_COMMA = YES;
				CLANG_WARN_CONSTANT_CONVERSION = YES;
				CLANG_WARN_DEPRECATED_OBJC_IMPLEMENTATIONS = YES;
				CLANG_WARN_DIRECT_OBJC_ISA_USAGE = YES_ERROR;
				CLANG_WARN_DOCUMENTATION_COMMENTS = YES;
				CLANG_WARN_EMPTY_BODY = YES;
				CLANG_WARN_ENUM_CONVERSION = YES;
				CLANG_WARN_INFINITE_RECURSION = YES;
				CLANG_WARN_INT_CONVERSION = YES;
				CLANG_WARN_NON_LITERAL_NULL_CONVERSION = YES;
				CLANG_WARN_OBJC_IMPLICIT_RETAIN_SELF = YES;
				CLANG_WARN_OBJC_LITERAL_CONVERSION = YES;
				CLANG_WARN_OBJC_ROOT_CLASS = YES_ERROR;
				CLANG_WARN_QUOTED_INCLUDE_IN_FRAMEWORK_HEADER = YES;
				CLANG_WARN_RANGE_LOOP_ANALYSIS = YES;
				CLANG_WARN_STRICT_PROTOTYPES = YES;
				CLANG_WARN_SUSPICIOUS_MOVE = YES;
				CLANG_WARN_UNGUARDED_AVAILABILITY = YES_AGGRESSIVE;
				CLANG_WARN_UNREACHABLE_CODE = YES;
				CLANG_WARN__DUPLICATE_METHOD_MATCH = YES;
				COPY_PHASE_STRIP = NO;
				DEBUG_INFORMATION_FORMAT = "dwarf-with-dsym";
				DEVELOPMENT_TEAM = WU5AU2G459;
				ENABLE_NS_ASSERTIONS = NO;
				ENABLE_STRICT_OBJC_MSGSEND = YES;
				ENABLE_USER_SCRIPT_SANDBOXING = YES;
				GCC_C_LANGUAGE_STANDARD = gnu17;
				GCC_NO_COMMON_BLOCKS = YES;
				GCC_WARN_64_TO_32_BIT_CONVERSION = YES;
				GCC_WARN_ABOUT_RETURN_TYPE = YES_ERROR;
				GCC_WARN_UNDECLARED_SELECTOR = YES;
				GCC_WARN_UNINITIALIZED_AUTOS = YES_AGGRESSIVE;
				GCC_WARN_UNUSED_FUNCTION = YES;
				GCC_WARN_UNUSED_VARIABLE = YES;
				IPHONEOS_DEPLOYMENT_TARGET = 26.0;
				LOCALIZATION_PREFERS_STRING_CATALOGS = YES;
				MTL_ENABLE_DEBUG_INFO = NO;
				MTL_FAST_MATH = YES;
				SDKROOT = iphoneos;
				SWIFT_COMPILATION_MODE = wholemodule;
				VALIDATE_PRODUCT = YES;
			};
			name = Release;
		};
		8B4C67CF2EBC8482003C67F9 /* Debug */ = {
			isa = XCBuildConfiguration;
			baseConfigurationReferenceAnchor = 8B4C67C52EBC8481003C67F9 /* Vodam */;
			baseConfigurationReferenceRelativePath = Secrets.xcconfig;
			buildSettings = {
				ASSETCATALOG_COMPILER_APPICON_NAME = AppIcon;
				ASSETCATALOG_COMPILER_GLOBAL_ACCENT_COLOR_NAME = AccentColor;
				CODE_SIGN_IDENTITY = "Apple Development";
				CODE_SIGN_STYLE = Automatic;
				CURRENT_PROJECT_VERSION = 1;
				DEVELOPMENT_TEAM = AHWGD5X6EC;
				ENABLE_PREVIEWS = YES;
				GENERATE_INFOPLIST_FILE = YES;
				INFOPLIST_FILE = Vodam/Resource/Info.plist;
				INFOPLIST_KEY_NSMicrophoneUsageDescription = "마이크 권한이 필요합니다.";
				INFOPLIST_KEY_NSSpeechRecognitionUsageDescription = "음성 인식 권한이 필요합니다.";
				INFOPLIST_KEY_UIApplicationSceneManifest_Generation = YES;
				INFOPLIST_KEY_UIApplicationSupportsIndirectInputEvents = YES;
				INFOPLIST_KEY_UILaunchScreen_Generation = YES;
				INFOPLIST_KEY_UISupportedInterfaceOrientations_iPad = "UIInterfaceOrientationPortrait UIInterfaceOrientationPortraitUpsideDown UIInterfaceOrientationLandscapeLeft UIInterfaceOrientationLandscapeRight";
				INFOPLIST_KEY_UISupportedInterfaceOrientations_iPhone = "UIInterfaceOrientationPortrait UIInterfaceOrientationLandscapeLeft UIInterfaceOrientationLandscapeRight";
				LD_RUNPATH_SEARCH_PATHS = (
					"$(inherited)",
					"@executable_path/Frameworks",
				);
				MARKETING_VERSION = 1.0;
				PRODUCT_BUNDLE_IDENTIFIER = com.whtiebear.vodam;
				PRODUCT_NAME = "$(TARGET_NAME)";
				PROVISIONING_PROFILE_SPECIFIER = "";
				STRING_CATALOG_GENERATE_SYMBOLS = YES;
				SWIFT_APPROACHABLE_CONCURRENCY = YES;
				SWIFT_DEFAULT_ACTOR_ISOLATION = MainActor;
				SWIFT_EMIT_LOC_STRINGS = YES;
				SWIFT_UPCOMING_FEATURE_MEMBER_IMPORT_VISIBILITY = YES;
				SWIFT_VERSION = 5.0;
				TARGETED_DEVICE_FAMILY = "1,2";
			};
			name = Debug;
		};
		8B4C67D02EBC8482003C67F9 /* Release */ = {
			isa = XCBuildConfiguration;
			baseConfigurationReferenceAnchor = 8B4C67C52EBC8481003C67F9 /* Vodam */;
			baseConfigurationReferenceRelativePath = Secrets.xcconfig;
			buildSettings = {
				ASSETCATALOG_COMPILER_APPICON_NAME = AppIcon;
				ASSETCATALOG_COMPILER_GLOBAL_ACCENT_COLOR_NAME = AccentColor;
				CODE_SIGN_IDENTITY = "Apple Development";
				CODE_SIGN_STYLE = Automatic;
				CURRENT_PROJECT_VERSION = 1;
				DEVELOPMENT_TEAM = AHWGD5X6EC;
				ENABLE_PREVIEWS = YES;
				GENERATE_INFOPLIST_FILE = YES;
				INFOPLIST_FILE = Vodam/Resource/Info.plist;
				INFOPLIST_KEY_NSMicrophoneUsageDescription = "마이크 권한이 필요합니다.";
				INFOPLIST_KEY_NSSpeechRecognitionUsageDescription = "음성 인식 권한이 필요합니다.";
				INFOPLIST_KEY_UIApplicationSceneManifest_Generation = YES;
				INFOPLIST_KEY_UIApplicationSupportsIndirectInputEvents = YES;
				INFOPLIST_KEY_UILaunchScreen_Generation = YES;
				INFOPLIST_KEY_UISupportedInterfaceOrientations_iPad = "UIInterfaceOrientationPortrait UIInterfaceOrientationPortraitUpsideDown UIInterfaceOrientationLandscapeLeft UIInterfaceOrientationLandscapeRight";
				INFOPLIST_KEY_UISupportedInterfaceOrientations_iPhone = "UIInterfaceOrientationPortrait UIInterfaceOrientationLandscapeLeft UIInterfaceOrientationLandscapeRight";
				LD_RUNPATH_SEARCH_PATHS = (
					"$(inherited)",
					"@executable_path/Frameworks",
				);
				MARKETING_VERSION = 1.0;
				PRODUCT_BUNDLE_IDENTIFIER = com.whtiebear.vodam;
				PRODUCT_NAME = "$(TARGET_NAME)";
				PROVISIONING_PROFILE_SPECIFIER = "";
				STRING_CATALOG_GENERATE_SYMBOLS = YES;
				SWIFT_APPROACHABLE_CONCURRENCY = YES;
				SWIFT_DEFAULT_ACTOR_ISOLATION = MainActor;
				SWIFT_EMIT_LOC_STRINGS = YES;
				SWIFT_UPCOMING_FEATURE_MEMBER_IMPORT_VISIBILITY = YES;
				SWIFT_VERSION = 5.0;
				TARGETED_DEVICE_FAMILY = "1,2";
			};
			name = Release;
		};
/* End XCBuildConfiguration section */

/* Begin XCConfigurationList section */
		70C129352ED5A2BA00D7BB2A /* Build configuration list for PBXNativeTarget "VodamTests" */ = {
			isa = XCConfigurationList;
			buildConfigurations = (
				70C129362ED5A2BA00D7BB2A /* Debug */,
				70C129372ED5A2BA00D7BB2A /* Release */,
			);
			defaultConfigurationIsVisible = 0;
			defaultConfigurationName = Release;
		};
		8B4C67BE2EBC8481003C67F9 /* Build configuration list for PBXProject "Vodam" */ = {
			isa = XCConfigurationList;
			buildConfigurations = (
				8B4C67CC2EBC8482003C67F9 /* Debug */,
				8B4C67CD2EBC8482003C67F9 /* Release */,
			);
			defaultConfigurationIsVisible = 0;
			defaultConfigurationName = Release;
		};
		8B4C67CE2EBC8482003C67F9 /* Build configuration list for PBXNativeTarget "Vodam" */ = {
			isa = XCConfigurationList;
			buildConfigurations = (
				8B4C67CF2EBC8482003C67F9 /* Debug */,
				8B4C67D02EBC8482003C67F9 /* Release */,
			);
			defaultConfigurationIsVisible = 0;
			defaultConfigurationName = Release;
		};
/* End XCConfigurationList section */

/* Begin XCRemoteSwiftPackageReference section */
		70C12ABB2ED8803100D7BB2A /* XCRemoteSwiftPackageReference "GoogleSignIn-iOS" */ = {
			isa = XCRemoteSwiftPackageReference;
			repositoryURL = "https://github.com/google/GoogleSignIn-iOS";
			requirement = {
				kind = upToNextMajorVersion;
				minimumVersion = 9.0.0;
			};
		};
		70C12ABE2ED8814F00D7BB2A /* XCRemoteSwiftPackageReference "firebase-ios-sdk" */ = {
			isa = XCRemoteSwiftPackageReference;
			repositoryURL = "https://github.com/firebase/firebase-ios-sdk";
			requirement = {
				kind = upToNextMajorVersion;
				minimumVersion = 12.6.0;
			};
		};
		7D1B6D2F2ECD9177005A08A6 /* XCRemoteSwiftPackageReference "kakao-ios-sdk" */ = {
			isa = XCRemoteSwiftPackageReference;
			repositoryURL = "https://github.com/kakao/kakao-ios-sdk";
			requirement = {
				branch = master;
				kind = branch;
			};
		};
		7D5C88922ECAAC3400977C6E /* XCRemoteSwiftPackageReference "swift-composable-architecture" */ = {
			isa = XCRemoteSwiftPackageReference;
			repositoryURL = "https://github.com/pointfreeco/swift-composable-architecture";
			requirement = {
				kind = upToNextMajorVersion;
				minimumVersion = 1.23.1;
			};
		};
/* End XCRemoteSwiftPackageReference section */

/* Begin XCSwiftPackageProductDependency section */
		70C12ABC2ED8803100D7BB2A /* GoogleSignIn */ = {
			isa = XCSwiftPackageProductDependency;
			package = 70C12ABB2ED8803100D7BB2A /* XCRemoteSwiftPackageReference "GoogleSignIn-iOS" */;
			productName = GoogleSignIn;
		};
		70C12ABF2ED8814F00D7BB2A /* FirebaseAnalyticsCore */ = {
			isa = XCSwiftPackageProductDependency;
			package = 70C12ABE2ED8814F00D7BB2A /* XCRemoteSwiftPackageReference "firebase-ios-sdk" */;
			productName = FirebaseAnalyticsCore;
		};
		70C12AC12ED8814F00D7BB2A /* FirebaseFirestore */ = {
			isa = XCSwiftPackageProductDependency;
			package = 70C12ABE2ED8814F00D7BB2A /* XCRemoteSwiftPackageReference "firebase-ios-sdk" */;
			productName = FirebaseFirestore;
		};
		7D1B6D302ECD9177005A08A6 /* KakaoSDKAuth */ = {
			isa = XCSwiftPackageProductDependency;
			package = 7D1B6D2F2ECD9177005A08A6 /* XCRemoteSwiftPackageReference "kakao-ios-sdk" */;
			productName = KakaoSDKAuth;
		};
		7D1B6D322ECD9177005A08A6 /* KakaoSDKCommon */ = {
			isa = XCSwiftPackageProductDependency;
			package = 7D1B6D2F2ECD9177005A08A6 /* XCRemoteSwiftPackageReference "kakao-ios-sdk" */;
			productName = KakaoSDKCommon;
		};
		7D1B6D342ECD9177005A08A6 /* KakaoSDKUser */ = {
			isa = XCSwiftPackageProductDependency;
			package = 7D1B6D2F2ECD9177005A08A6 /* XCRemoteSwiftPackageReference "kakao-ios-sdk" */;
			productName = KakaoSDKUser;
		};
		7D5C88932ECAAC3400977C6E /* ComposableArchitecture */ = {
			isa = XCSwiftPackageProductDependency;
			package = 7D5C88922ECAAC3400977C6E /* XCRemoteSwiftPackageReference "swift-composable-architecture" */;
			productName = ComposableArchitecture;
		};
		7D9F378E2ED694C6008961A3 /* FirebaseCore */ = {
			isa = XCSwiftPackageProductDependency;
			package = 7D9F378D2ED694C6008961A3 /* XCRemoteSwiftPackageReference "firebase-ios-sdk" */;
			productName = FirebaseCore;
		};
		7D9F37902ED694C6008961A3 /* FirebaseFirestore */ = {
			isa = XCSwiftPackageProductDependency;
			package = 7D9F378D2ED694C6008961A3 /* XCRemoteSwiftPackageReference "firebase-ios-sdk" */;
			productName = FirebaseFirestore;
		};
		7D9F44D12ED7DA17008961A3 /* FirebaseStorage */ = {
			isa = XCSwiftPackageProductDependency;
			package = 7D9F378D2ED694C6008961A3 /* XCRemoteSwiftPackageReference "firebase-ios-sdk" */;
			productName = FirebaseStorage;
		};
/* End XCSwiftPackageProductDependency section */
	};
	rootObject = 8B4C67BB2EBC8481003C67F9 /* Project object */;
}
